{
  "name": "ravelry_src",
  "version": "1.0.0",
  "lockfileVersion": 1,
  "requires": true,
  "dependencies": {
    "argparse": {
      "version": "1.0.9",
      "resolved": "https://registry.npmjs.org/argparse/-/argparse-1.0.9.tgz",
      "integrity": "sha1-c9g7wmP4bpf4zE9rrhsOkKfSLIY=",
      "dev": true,
      "requires": {
        "sprintf-js": "1.0.3"
      }
    },
    "entities": {
      "version": "1.1.1",
      "resolved": "https://registry.npmjs.org/entities/-/entities-1.1.1.tgz",
      "integrity": "sha1-blwtClYhtdra7O+AuQ7ftc13cvA=",
      "dev": true
    },
    "linkify-it": {
      "version": "1.2.4",
      "resolved": "https://registry.npmjs.org/linkify-it/-/linkify-it-1.2.4.tgz",
      "integrity": "sha1-B3NSbDF8j9E71TTuHRgP+Iq/iBo=",
      "dev": true,
      "requires": {
        "uc.micro": "1.0.3"
      }
    },
    "markdown-it": {
      "version": "6.1.1",
      "resolved": "https://registry.npmjs.org/markdown-it/-/markdown-it-6.1.1.tgz",
      "integrity": "sha1-ztA39Ec+6fUVOsQU933IPJG6knw=",
      "dev": true,
      "requires": {
        "argparse": "1.0.9",
        "entities": "1.1.1",
        "linkify-it": "1.2.4",
        "mdurl": "1.0.1",
        "uc.micro": "1.0.3"
      }
    },
    "mdurl": {
      "version": "1.0.1",
      "resolved": "https://registry.npmjs.org/mdurl/-/mdurl-1.0.1.tgz",
      "integrity": "sha1-/oWy7HWlkDfyrf7BAP1sYBdhFS4=",
      "dev": true
    },
    "oauth": {
      "version": "0.9.15",
      "resolved": "https://registry.npmjs.org/oauth/-/oauth-0.9.15.tgz",
      "integrity": "sha1-vR/vr2hslrdUda7VGWQS/2DPucE="
    },
    "sprintf-js": {
      "version": "1.0.3",
      "resolved": "https://registry.npmjs.org/sprintf-js/-/sprintf-js-1.0.3.tgz",
      "integrity": "sha1-BOaSb2YolTVPPdAVIDYzuFcpfiw=",
      "dev": true
    },
    "uc.micro": {
      "version": "1.0.3",
      "resolved": "https://registry.npmjs.org/uc.micro/-/uc.micro-1.0.3.tgz",
      "integrity": "sha1-ftUNXg+an7ClczeSWfKndFjVAZI=",
      "dev": true
    }
  }
}
